{
  "attempt": 1,
  "attempt_consumed": true,
  "automatic_retries": 0,
  "c1_tensor_bodies_read": 0,
  "c1_tensor_body_bytes_read": 0,
  "capability_sha256": "f23f9d6f3a763dc641ae2c061e4895493f3b5df94de87242f13b87d7b615f7ad",
  "formal_output_path": "/Users/rocket/Desktop/HKUST IT/ip-/geometry-world-modeling/work/S45B_c1_numeric_camera_guard_supervised_v10/execution_01",
  "images_viewed": 0,
  "lease_committed_after_complete_preflight": true,
  "lease_committed_after_runtime_capability_preflight": true,
  "lease_prepared_utc": "2026-09-08T13:15:37.647141+00:00",
  "model_renderer_generation_runs": 0,
  "passed": false,
  "pixel_bodies_opened": 0,
  "pixels_decoded": 0,
  "preflight_started_utc": "2026-09-08T13:15:37.417343+00:00",
  "row": "C1",
  "runtime_capability_preflight": {
    "record": {
      "completed_utc": "2026-09-08T13:15:37.638094+00:00",
      "formal_paths_created": 0,
      "launch_mechanism": "FORK_ALREADY_RUNNING_INTERPRETER_THEN_SANDBOX_INIT_NO_EXEC",
      "observation": {
        "expected_process_uuid": "aef99cc53bca30bab987cb4132804e09",
        "max_observed_memory_bytes": 20955136,
        "memory_limit_exceeded": false,
        "memory_monitor_error": null,
        "memory_monitor_failed": false,
        "memory_monitor_samples": 8,
        "output_limit_exceeded": false,
        "peak_phys_footprint_bytes": 18219368,
        "peak_resident_size_bytes": 20955136,
        "process_uuid": "aef99cc53bca30bab987cb4132804e09",
        "returncode": 0,
        "system_cpu_seconds": 0.00213,
        "timed_out": false,
        "user_cpu_seconds": 0.005249,
        "wait4_peak_rss_bytes": 20955136
      },
      "platform": "macOS-26.7-arm64-arm-64bit-Mach-O",
      "probe": {
        "allocation_bytes_touched": 8388608,
        "cpu_limit": [
          120,
          120
        ],
        "file_size_limit": [
          67108864,
          67108864
        ],
        "pid": 31633,
        "sandbox_attacks": {
          "FORK_SETSID_CLOSE_STDIO": {
            "errno": 1,
            "result": "DENIED_BY_SANDBOX"
          },
          "FORK_SETSID_KEEP_STDIO": {
            "errno": 1,
            "result": "DENIED_BY_SANDBOX"
          },
          "POSIX_SPAWN_SETSID": {
            "errno": 1,
            "result": "DENIED_BY_SANDBOX"
          }
        },
        "schema": "s45b-v10-darwin-fork-bound-capability-probe-v1",
        "status": "PASS_CAPABILITY_PROBE_ONLY"
      },
      "python": "3.13.0 (main, Oct  7 2024, 05:02:14) [Clang 16.0.0 (clang-1600.0.26.3)]",
      "running_interpreter_binding": {
        "cache_tag": "cpython-313",
        "kernel_image_may_differ_from_framework_launcher": true,
        "kernel_process_image_snapshot": {
          "bytes": 51584,
          "lstat": {
            "ctime_ns": 1744514784968207301,
            "device": 16777234,
            "inode": 16184271,
            "mode": 33261,
            "mtime_ns": 1729309110715647296,
            "nlink": 1,
            "size": 51584,
            "type": "regular"
          },
          "path": "/opt/homebrew/Cellar/python@3.13/3.13.0_1/Frameworks/Python.framework/Versions/3.13/Resources/Python.app/Contents/MacOS/Python",
          "sha256": "61863c175509f6c195d4308c93a19acf3fa958b72e108cc6d4588b782ddab60d"
        },
        "kernel_process_path": "/opt/homebrew/Cellar/python@3.13/3.13.0_1/Frameworks/Python.framework/Versions/3.13/Resources/Python.app/Contents/MacOS/Python",
        "launch_mechanism": "FORK_ALREADY_RUNNING_INTERPRETER_NO_EXEC",
        "process_uuid": "aef99cc53bca30bab987cb4132804e09",
        "python_implementation": "CPython",
        "python_version": "3.13.0 (main, Oct  7 2024, 05:02:14) [Clang 16.0.0 (clang-1600.0.26.3)]",
        "schema": "s45b-v10-running-interpreter-binding-v1",
        "supervisor_pid": 31630,
        "sys_executable_launcher_snapshot": {
          "bytes": 52640,
          "lstat": {
            "ctime_ns": 1744514784962030293,
            "device": 16777234,
            "inode": 16184272,
            "mode": 33261,
            "mtime_ns": 1729309110748185437,
            "nlink": 1,
            "size": 52640,
            "type": "regular"
          },
          "path": "/opt/homebrew/Cellar/python@3.13/3.13.0_1/Frameworks/Python.framework/Versions/3.13/bin/python3.13",
          "sha256": "bc525dba04d881fcf010cb7aa58ff527b0b664957081fc9ccfa022d4de45e81e"
        }
      },
      "running_interpreter_binding_sha256": "83fc9327c31ccbfbb4cc499c42f70718215c01f37c2b5f38f99dd5dc58bf4cae",
      "sandbox_profile": "(version 1) (allow default) (deny process-fork)",
      "sandbox_profile_sha256": "4ea663a2624860e9eea36f6345002df25ee4c049dfae4dc80f10a84ac9762a20",
      "schema": "s45b-v10-runtime-capability-preflight-v1",
      "started_utc": "2026-09-08T13:15:37.506911+00:00",
      "status": "PASS_BEFORE_ATTEMPT_COMMIT",
      "stderr_sha256": "e3b0c44298fc1c149afbf4c8996fb92427ae41e4649b934ca495991b7852b855",
      "stdout_sha256": "d68524f632543eb2020dc30312a2143b3b2f328635cf54f447ffee153e125e53",
      "worker_no_process_creation_audit": {
        "audit_sha256": "bf53be7553cd02e6c05073ebddf7b55c2ea340977ec07ef4b5a2f21c586e99dc",
        "status": "PASS_EXACT_WORKER_NO_PROCESS_CREATION_AST"
      }
    },
    "record_sha256": "86996731e1fa8e4bcd787187b846778d513cd6e38501776fb8afb21286b65a2d",
    "status": "PASS_CAPABILITY_PROBE_ONLY_BEFORE_ATTEMPT_COMMIT"
  },
  "runtime_interpreter_binding_sha256": "83fc9327c31ccbfbb4cc499c42f70718215c01f37c2b5f38f99dd5dc58bf4cae",
  "schema": "s45b-c1-numeric-camera-guard-attempt-lease-v4",
  "status": "FAIL_CLOSED_ATTEMPT_COMMITTED_NO_VALID_TERMINAL_SEAL",
  "supplied_identities": {
    "BINDING_REVIEW_V10.json": "2e5a485fa5e891af4b1bbe630c6bcd305267d045d657d6d63b3e9540f5483f87",
    "C1_CAMERA_GUARD_BINDING_V10.json": "c229639c45955fd84447dcdcab7e5d0dbe1a15af458220806d46692dc82c769c",
    "adversarial_source_review": "a1b73c112878f5592e112bc70f50c200130d1357b8f40681ab3e137a11571031",
    "camera_guard.py": "96d07f6f0c1c8c8bdfd1be57eb5725315b1dd340fbf25aec1c879066f7b9193b",
    "governance_attestation": "f5da7e8407bb6ceb544313be8b43de11df365fcf27929aad3b443ddbfd36305a",
    "primary_source_review": "670d153216f0b1a426b569c4df83efd6b34895c5dd7d8dcfa5f9d7fa0bdf3d21",
    "supervise_camera_guard.py": "92793f1a250f24e1a275a2a7995a21929a3b63be7da23481eeddd81de897f306"
  },
  "terminal_authority": false,
  "terminal_authority_rule": "Only the supervisor stdout PASS seal after held-FD candidate single-link commit, exact evidence revalidation, successful required closes, observed process exit zero, and independent result review can supersede this default failure; every canonical candidate remains passed=false",
  "terminal_candidate_path": "/Users/rocket/Desktop/HKUST IT/ip-/geometry-world-modeling/work/S45B_c1_numeric_camera_guard_supervised_v10/execution_01/terminal_pass_candidate.json",
  "terminal_pass_seal_channel": "complete_exact_supervisor_stdout_json_plus_exit_zero",
  "worker_launch_mechanism": "FORK_ALREADY_RUNNING_INTERPRETER_THEN_SANDBOX_INIT_NO_EXEC"
}
