{
  "attempt": 1,
  "attempt_consumed": true,
  "automatic_retries": 0,
  "c1_tensor_bodies_read": 0,
  "c1_tensor_body_bytes_read": 0,
  "capability_sha256": "5f48793537f8ddbd6d4be500236729b23597a381fa478b1b96300c227a00470a",
  "formal_output_path": "/Users/rocket/Desktop/HKUST IT/ip-/geometry-world-modeling/work/S45B_c1_numeric_camera_guard_supervised_v12/execution_01",
  "images_viewed": 0,
  "lease_committed_after_complete_preflight": true,
  "lease_committed_after_runtime_capability_preflight": true,
  "lease_prepared_utc": "2026-09-08T15:11:45.183284+00:00",
  "model_renderer_generation_runs": 0,
  "passed": false,
  "pixel_bodies_opened": 0,
  "pixels_decoded": 0,
  "preflight_started_utc": "2026-09-08T15:11:44.945116+00:00",
  "row": "C1",
  "runtime_capability_preflight": {
    "record": {
      "completed_utc": "2026-09-08T15:11:45.169899+00:00",
      "formal_paths_created": 0,
      "launch_mechanism": "FORK_ALREADY_RUNNING_INTERPRETER_THEN_SANDBOX_INIT_NO_EXEC",
      "observation": {
        "expected_process_uuid": "aef99cc53bca30bab987cb4132804e09",
        "max_observed_memory_bytes": 20971520,
        "memory_limit_exceeded": false,
        "memory_monitor_error": null,
        "memory_monitor_failed": false,
        "memory_monitor_samples": 7,
        "output_limit_exceeded": false,
        "peak_phys_footprint_bytes": 18219344,
        "peak_resident_size_bytes": 20971520,
        "process_uuid": "aef99cc53bca30bab987cb4132804e09",
        "returncode": 0,
        "system_cpu_seconds": 0.0021609999999999997,
        "timed_out": false,
        "user_cpu_seconds": 0.004994,
        "wait4_peak_rss_bytes": 20971520
      },
      "platform": "macOS-26.7-arm64-arm-64bit-Mach-O",
      "probe": {
        "allocation_bytes_touched": 8388608,
        "cpu_limit": [
          120,
          120
        ],
        "file_size_limit": [
          67108864,
          67108864
        ],
        "pid": 81881,
        "sandbox_attacks": {
          "FORK_SETSID_CLOSE_STDIO": {
            "errno": 1,
            "result": "DENIED_BY_SANDBOX"
          },
          "FORK_SETSID_KEEP_STDIO": {
            "errno": 1,
            "result": "DENIED_BY_SANDBOX"
          },
          "POSIX_SPAWN_SETSID": {
            "errno": 1,
            "result": "DENIED_BY_SANDBOX"
          }
        },
        "schema": "s45b-v12-darwin-fork-bound-capability-probe-v1",
        "status": "PASS_CAPABILITY_PROBE_ONLY"
      },
      "python": "3.13.0 (main, Oct  7 2024, 05:02:14) [Clang 16.0.0 (clang-1600.0.26.3)]",
      "running_interpreter_binding": {
        "cache_tag": "cpython-313",
        "kernel_image_may_differ_from_framework_launcher": true,
        "kernel_process_image_snapshot": {
          "bytes": 51584,
          "lstat": {
            "ctime_ns": 1744514784968207301,
            "device": 16777234,
            "inode": 16184271,
            "mode": 33261,
            "mtime_ns": 1729309110715647296,
            "nlink": 1,
            "size": 51584,
            "type": "regular"
          },
          "path": "/opt/homebrew/Cellar/python@3.13/3.13.0_1/Frameworks/Python.framework/Versions/3.13/Resources/Python.app/Contents/MacOS/Python",
          "sha256": "61863c175509f6c195d4308c93a19acf3fa958b72e108cc6d4588b782ddab60d"
        },
        "kernel_process_path": "/opt/homebrew/Cellar/python@3.13/3.13.0_1/Frameworks/Python.framework/Versions/3.13/Resources/Python.app/Contents/MacOS/Python",
        "launch_mechanism": "FORK_ALREADY_RUNNING_INTERPRETER_NO_EXEC",
        "process_uuid": "aef99cc53bca30bab987cb4132804e09",
        "python_implementation": "CPython",
        "python_version": "3.13.0 (main, Oct  7 2024, 05:02:14) [Clang 16.0.0 (clang-1600.0.26.3)]",
        "schema": "s45b-v12-running-interpreter-binding-v1",
        "supervisor_pid": 81880,
        "sys_executable_launcher_snapshot": {
          "bytes": 52640,
          "lstat": {
            "ctime_ns": 1744514784962030293,
            "device": 16777234,
            "inode": 16184272,
            "mode": 33261,
            "mtime_ns": 1729309110748185437,
            "nlink": 1,
            "size": 52640,
            "type": "regular"
          },
          "path": "/opt/homebrew/Cellar/python@3.13/3.13.0_1/Frameworks/Python.framework/Versions/3.13/bin/python3.13",
          "sha256": "bc525dba04d881fcf010cb7aa58ff527b0b664957081fc9ccfa022d4de45e81e"
        }
      },
      "running_interpreter_binding_sha256": "96b928bb58beeb891aa00136633021b9832f056221beb360f0dab1accefb8802",
      "sandbox_profile": "(version 1) (allow default) (deny process-fork)",
      "sandbox_profile_sha256": "4ea663a2624860e9eea36f6345002df25ee4c049dfae4dc80f10a84ac9762a20",
      "schema": "s45b-v12-runtime-capability-preflight-v1",
      "started_utc": "2026-09-08T15:11:45.037651+00:00",
      "status": "PASS_BEFORE_ATTEMPT_COMMIT",
      "stderr_sha256": "e3b0c44298fc1c149afbf4c8996fb92427ae41e4649b934ca495991b7852b855",
      "stdout_sha256": "cd88e0cf0dc13544dca143d8da8a8462bdeaf641054eb4587a1b01b053e2e553",
      "worker_no_process_creation_audit": {
        "audit_sha256": "bf53be7553cd02e6c05073ebddf7b55c2ea340977ec07ef4b5a2f21c586e99dc",
        "status": "PASS_EXACT_WORKER_NO_PROCESS_CREATION_AST"
      }
    },
    "record_sha256": "246219f8c917b2b9589b4df0906d8106f452bbdf6f5ea0cae77537cfcdb51b38",
    "status": "PASS_CAPABILITY_PROBE_ONLY_BEFORE_ATTEMPT_COMMIT"
  },
  "runtime_interpreter_binding_sha256": "96b928bb58beeb891aa00136633021b9832f056221beb360f0dab1accefb8802",
  "schema": "s45b-c1-numeric-camera-guard-attempt-lease-v4",
  "status": "FAIL_CLOSED_ATTEMPT_COMMITTED_NO_VALID_TERMINAL_SEAL",
  "supplied_identities": {
    "BINDING_REVIEW_V12.json": "117a164b0175c63ccef4b266984aecd22f2a186ee015ff90814c2c4a7eba77ca",
    "C1_CAMERA_GUARD_BINDING_V12.json": "2785577bac63f9e29b28d31b6a5ecdff2930d5c12f3501d9e02e4462121cc093",
    "adversarial_source_review": "4d1feb080a417cf2da555062fa659ce671f137afe7b6f33852efdf439d17e7cf",
    "camera_guard.py": "02114d4a845bd83e3dcd35f663bf64f2a75eb5fb17fc0f3515b84222bd51281f",
    "governance_attestation": "0b99d3af82e5c4aa2289087175e9c13bd0a89baedd2b628497220cfb31ec5f70",
    "primary_source_review": "e6ed792cb8c127f3cc1763313d6b6fcbaa2bf4e66ad27c509c1f98f720486e1f",
    "supervise_camera_guard.py": "179184084bbaabf5e5c7c6f6332f7a44f8292dcbeda993370642d585cfd6380c"
  },
  "terminal_authority": false,
  "terminal_authority_rule": "Only the supervisor stdout PASS seal after held-FD candidate single-link commit, exact evidence revalidation, successful required closes, observed process exit zero, and independent result review can supersede this default failure; every canonical candidate remains passed=false",
  "terminal_candidate_path": "/Users/rocket/Desktop/HKUST IT/ip-/geometry-world-modeling/work/S45B_c1_numeric_camera_guard_supervised_v12/execution_01/terminal_pass_candidate.json",
  "terminal_pass_seal_channel": "complete_exact_supervisor_stdout_json_plus_exit_zero",
  "worker_launch_mechanism": "FORK_ALREADY_RUNNING_INTERPRETER_THEN_SANDBOX_INIT_NO_EXEC"
}
