{
  "attempt": 1,
  "attempt_consumed": true,
  "automatic_retries": 0,
  "c1_tensor_bodies_read": 0,
  "c1_tensor_body_bytes_read": 0,
  "capability_sha256": "9c5c2f36c45470d526be6f18f236d2569baa65ddf6d073f602257edf3e322f86",
  "formal_output_path": "/Users/rocket/Desktop/HKUST IT/ip-/geometry-world-modeling/work/S45B_c1_numeric_camera_guard_supervised_v11/execution_01",
  "images_viewed": 0,
  "lease_committed_after_complete_preflight": true,
  "lease_committed_after_runtime_capability_preflight": true,
  "lease_prepared_utc": "2026-09-08T14:37:57.444019+00:00",
  "model_renderer_generation_runs": 0,
  "passed": false,
  "pixel_bodies_opened": 0,
  "pixels_decoded": 0,
  "preflight_started_utc": "2026-09-08T14:37:57.208208+00:00",
  "row": "C1",
  "runtime_capability_preflight": {
    "record": {
      "completed_utc": "2026-09-08T14:37:57.432216+00:00",
      "formal_paths_created": 0,
      "launch_mechanism": "FORK_ALREADY_RUNNING_INTERPRETER_THEN_SANDBOX_INIT_NO_EXEC",
      "observation": {
        "expected_process_uuid": "aef99cc53bca30bab987cb4132804e09",
        "max_observed_memory_bytes": 20758528,
        "memory_limit_exceeded": false,
        "memory_monitor_error": null,
        "memory_monitor_failed": false,
        "memory_monitor_samples": 8,
        "output_limit_exceeded": false,
        "peak_phys_footprint_bytes": 18022760,
        "peak_resident_size_bytes": 20758528,
        "process_uuid": "aef99cc53bca30bab987cb4132804e09",
        "returncode": 0,
        "system_cpu_seconds": 0.0019149999999999998,
        "timed_out": false,
        "user_cpu_seconds": 0.0047859999999999995,
        "wait4_peak_rss_bytes": 20758528
      },
      "platform": "macOS-26.7-arm64-arm-64bit-Mach-O",
      "probe": {
        "allocation_bytes_touched": 8388608,
        "cpu_limit": [
          120,
          120
        ],
        "file_size_limit": [
          67108864,
          67108864
        ],
        "pid": 67333,
        "sandbox_attacks": {
          "FORK_SETSID_CLOSE_STDIO": {
            "errno": 1,
            "result": "DENIED_BY_SANDBOX"
          },
          "FORK_SETSID_KEEP_STDIO": {
            "errno": 1,
            "result": "DENIED_BY_SANDBOX"
          },
          "POSIX_SPAWN_SETSID": {
            "errno": 1,
            "result": "DENIED_BY_SANDBOX"
          }
        },
        "schema": "s45b-v11-darwin-fork-bound-capability-probe-v1",
        "status": "PASS_CAPABILITY_PROBE_ONLY"
      },
      "python": "3.13.0 (main, Oct  7 2024, 05:02:14) [Clang 16.0.0 (clang-1600.0.26.3)]",
      "running_interpreter_binding": {
        "cache_tag": "cpython-313",
        "kernel_image_may_differ_from_framework_launcher": true,
        "kernel_process_image_snapshot": {
          "bytes": 51584,
          "lstat": {
            "ctime_ns": 1744514784968207301,
            "device": 16777234,
            "inode": 16184271,
            "mode": 33261,
            "mtime_ns": 1729309110715647296,
            "nlink": 1,
            "size": 51584,
            "type": "regular"
          },
          "path": "/opt/homebrew/Cellar/python@3.13/3.13.0_1/Frameworks/Python.framework/Versions/3.13/Resources/Python.app/Contents/MacOS/Python",
          "sha256": "61863c175509f6c195d4308c93a19acf3fa958b72e108cc6d4588b782ddab60d"
        },
        "kernel_process_path": "/opt/homebrew/Cellar/python@3.13/3.13.0_1/Frameworks/Python.framework/Versions/3.13/Resources/Python.app/Contents/MacOS/Python",
        "launch_mechanism": "FORK_ALREADY_RUNNING_INTERPRETER_NO_EXEC",
        "process_uuid": "aef99cc53bca30bab987cb4132804e09",
        "python_implementation": "CPython",
        "python_version": "3.13.0 (main, Oct  7 2024, 05:02:14) [Clang 16.0.0 (clang-1600.0.26.3)]",
        "schema": "s45b-v11-running-interpreter-binding-v1",
        "supervisor_pid": 67331,
        "sys_executable_launcher_snapshot": {
          "bytes": 52640,
          "lstat": {
            "ctime_ns": 1744514784962030293,
            "device": 16777234,
            "inode": 16184272,
            "mode": 33261,
            "mtime_ns": 1729309110748185437,
            "nlink": 1,
            "size": 52640,
            "type": "regular"
          },
          "path": "/opt/homebrew/Cellar/python@3.13/3.13.0_1/Frameworks/Python.framework/Versions/3.13/bin/python3.13",
          "sha256": "bc525dba04d881fcf010cb7aa58ff527b0b664957081fc9ccfa022d4de45e81e"
        }
      },
      "running_interpreter_binding_sha256": "193b0519db4cbbd2fa8dd97f8ae7f008b8e69d01ca7d84e9940ba23e710f718e",
      "sandbox_profile": "(version 1) (allow default) (deny process-fork)",
      "sandbox_profile_sha256": "4ea663a2624860e9eea36f6345002df25ee4c049dfae4dc80f10a84ac9762a20",
      "schema": "s45b-v11-runtime-capability-preflight-v1",
      "started_utc": "2026-09-08T14:37:57.302003+00:00",
      "status": "PASS_BEFORE_ATTEMPT_COMMIT",
      "stderr_sha256": "e3b0c44298fc1c149afbf4c8996fb92427ae41e4649b934ca495991b7852b855",
      "stdout_sha256": "979c995b1b21d9ce2d63f6cc90fef1d3db4647ebae4f5ef69fbbf2389cc0d31b",
      "worker_no_process_creation_audit": {
        "audit_sha256": "bf53be7553cd02e6c05073ebddf7b55c2ea340977ec07ef4b5a2f21c586e99dc",
        "status": "PASS_EXACT_WORKER_NO_PROCESS_CREATION_AST"
      }
    },
    "record_sha256": "66d7e7815abc13d9d33733a508238a9d70a42730e69851b1a49be389a866dcb0",
    "status": "PASS_CAPABILITY_PROBE_ONLY_BEFORE_ATTEMPT_COMMIT"
  },
  "runtime_interpreter_binding_sha256": "193b0519db4cbbd2fa8dd97f8ae7f008b8e69d01ca7d84e9940ba23e710f718e",
  "schema": "s45b-c1-numeric-camera-guard-attempt-lease-v4",
  "status": "FAIL_CLOSED_ATTEMPT_COMMITTED_NO_VALID_TERMINAL_SEAL",
  "supplied_identities": {
    "BINDING_REVIEW_V11.json": "cd3b6bd4c47f76cdb80a34424b84ee85b080fd48dd13876c966c34caa64d5fec",
    "C1_CAMERA_GUARD_BINDING_V11.json": "6adb46cbdf165f2dedee46630a5c4a8a7a77a5702885e9142872916f908be0f4",
    "adversarial_source_review": "ea101a1d65ad97ea3514eeabded3d315c1bc5b7c6d6d962e3b3ae8bce2b538d2",
    "camera_guard.py": "a57adb49f89f891b7442edaee8614bb8a797bd4daa5b31887aef7d1d98359838",
    "governance_attestation": "b62fd3d10b56319d3aed34b3440162eb290c0731aa6963d16b6213e79f2e66fe",
    "primary_source_review": "0a889b5e28523ffa19e2c6a0a5a2439108ba18308efa02f80f13fe9ec4b000cb",
    "supervise_camera_guard.py": "4d0c746dd03ae5bca8b858026623f18abf9788c33e2bc79a0f8c41ceddfbb16a"
  },
  "terminal_authority": false,
  "terminal_authority_rule": "Only the supervisor stdout PASS seal after held-FD candidate single-link commit, exact evidence revalidation, successful required closes, observed process exit zero, and independent result review can supersede this default failure; every canonical candidate remains passed=false",
  "terminal_candidate_path": "/Users/rocket/Desktop/HKUST IT/ip-/geometry-world-modeling/work/S45B_c1_numeric_camera_guard_supervised_v11/execution_01/terminal_pass_candidate.json",
  "terminal_pass_seal_channel": "complete_exact_supervisor_stdout_json_plus_exit_zero",
  "worker_launch_mechanism": "FORK_ALREADY_RUNNING_INTERPRETER_THEN_SANDBOX_INIT_NO_EXEC"
}
