{
  "attempt": 1,
  "attempt_consumed": true,
  "automatic_retries": 0,
  "c1_tensor_bodies_read": 0,
  "c1_tensor_body_bytes_read": 0,
  "capability_sha256": "90ed3840e1e3d4c9b09bc5770c3dbd099ec17767bd39c0e487f0617b56d97362",
  "formal_output_path": "/Users/rocket/Desktop/HKUST IT/ip-/geometry-world-modeling/work/S45B_c1_numeric_camera_guard_supervised_v9/execution_01",
  "images_viewed": 0,
  "lease_committed_after_complete_preflight": true,
  "lease_committed_after_runtime_capability_preflight": true,
  "lease_prepared_utc": "2026-09-08T12:49:43.503013+00:00",
  "model_renderer_generation_runs": 0,
  "passed": false,
  "pixel_bodies_opened": 0,
  "pixels_decoded": 0,
  "preflight_started_utc": "2026-09-08T12:49:43.267591+00:00",
  "row": "C1",
  "runtime_capability_preflight": {
    "record": {
      "completed_utc": "2026-09-08T12:49:43.490862+00:00",
      "formal_paths_created": 0,
      "launch_mechanism": "FORK_ALREADY_RUNNING_INTERPRETER_THEN_SANDBOX_INIT_NO_EXEC",
      "observation": {
        "expected_process_uuid": "aef99cc53bca30bab987cb4132804e09",
        "max_observed_memory_bytes": 20856832,
        "memory_limit_exceeded": false,
        "memory_monitor_error": null,
        "memory_monitor_failed": false,
        "memory_monitor_samples": 8,
        "output_limit_exceeded": false,
        "peak_phys_footprint_bytes": 18121064,
        "peak_resident_size_bytes": 20856832,
        "process_uuid": "aef99cc53bca30bab987cb4132804e09",
        "returncode": 0,
        "system_cpu_seconds": 0.0027819999999999998,
        "timed_out": false,
        "user_cpu_seconds": 0.004796,
        "wait4_peak_rss_bytes": 20856832
      },
      "platform": "macOS-26.7-arm64-arm-64bit-Mach-O",
      "probe": {
        "allocation_bytes_touched": 8388608,
        "cpu_limit": [
          120,
          120
        ],
        "file_size_limit": [
          67108864,
          67108864
        ],
        "pid": 16640,
        "sandbox_attacks": {
          "FORK_SETSID_CLOSE_STDIO": {
            "errno": 1,
            "result": "DENIED_BY_SANDBOX"
          },
          "FORK_SETSID_KEEP_STDIO": {
            "errno": 1,
            "result": "DENIED_BY_SANDBOX"
          },
          "POSIX_SPAWN_SETSID": {
            "errno": 1,
            "result": "DENIED_BY_SANDBOX"
          }
        },
        "schema": "s45b-v9-darwin-fork-bound-capability-probe-v1",
        "status": "PASS_CAPABILITY_PROBE_ONLY"
      },
      "python": "3.13.0 (main, Oct  7 2024, 05:02:14) [Clang 16.0.0 (clang-1600.0.26.3)]",
      "running_interpreter_binding": {
        "cache_tag": "cpython-313",
        "kernel_image_may_differ_from_framework_launcher": true,
        "kernel_process_image_snapshot": {
          "bytes": 51584,
          "lstat": {
            "ctime_ns": 1744514784968207301,
            "device": 16777234,
            "inode": 16184271,
            "mode": 33261,
            "mtime_ns": 1729309110715647296,
            "nlink": 1,
            "size": 51584,
            "type": "regular"
          },
          "path": "/opt/homebrew/Cellar/python@3.13/3.13.0_1/Frameworks/Python.framework/Versions/3.13/Resources/Python.app/Contents/MacOS/Python",
          "sha256": "61863c175509f6c195d4308c93a19acf3fa958b72e108cc6d4588b782ddab60d"
        },
        "kernel_process_path": "/opt/homebrew/Cellar/python@3.13/3.13.0_1/Frameworks/Python.framework/Versions/3.13/Resources/Python.app/Contents/MacOS/Python",
        "launch_mechanism": "FORK_ALREADY_RUNNING_INTERPRETER_NO_EXEC",
        "process_uuid": "aef99cc53bca30bab987cb4132804e09",
        "python_implementation": "CPython",
        "python_version": "3.13.0 (main, Oct  7 2024, 05:02:14) [Clang 16.0.0 (clang-1600.0.26.3)]",
        "schema": "s45b-v9-running-interpreter-binding-v1",
        "supervisor_pid": 16639,
        "sys_executable_launcher_snapshot": {
          "bytes": 52640,
          "lstat": {
            "ctime_ns": 1744514784962030293,
            "device": 16777234,
            "inode": 16184272,
            "mode": 33261,
            "mtime_ns": 1729309110748185437,
            "nlink": 1,
            "size": 52640,
            "type": "regular"
          },
          "path": "/opt/homebrew/Cellar/python@3.13/3.13.0_1/Frameworks/Python.framework/Versions/3.13/bin/python3.13",
          "sha256": "bc525dba04d881fcf010cb7aa58ff527b0b664957081fc9ccfa022d4de45e81e"
        }
      },
      "running_interpreter_binding_sha256": "5489a76444cb2029765f378e4b186dc7cf3d41448da880e089508594d636c945",
      "sandbox_profile": "(version 1) (allow default) (deny process-fork)",
      "sandbox_profile_sha256": "4ea663a2624860e9eea36f6345002df25ee4c049dfae4dc80f10a84ac9762a20",
      "schema": "s45b-v9-runtime-capability-preflight-v1",
      "started_utc": "2026-09-08T12:49:43.359803+00:00",
      "status": "PASS_BEFORE_ATTEMPT_COMMIT",
      "stderr_sha256": "e3b0c44298fc1c149afbf4c8996fb92427ae41e4649b934ca495991b7852b855",
      "stdout_sha256": "c528630ed92d6e09bced3271397fff3fbd5fac9cc445f0b32ae03b68be025f82",
      "worker_no_process_creation_audit": {
        "audit_sha256": "bf53be7553cd02e6c05073ebddf7b55c2ea340977ec07ef4b5a2f21c586e99dc",
        "status": "PASS_EXACT_WORKER_NO_PROCESS_CREATION_AST"
      }
    },
    "record_sha256": "2902c5ff1518eed13a148a38d43afb629057f9bd717f5acd6549c86873108889",
    "status": "PASS_CAPABILITY_PROBE_ONLY_BEFORE_ATTEMPT_COMMIT"
  },
  "runtime_interpreter_binding_sha256": "5489a76444cb2029765f378e4b186dc7cf3d41448da880e089508594d636c945",
  "schema": "s45b-c1-numeric-camera-guard-attempt-lease-v4",
  "status": "FAIL_CLOSED_ATTEMPT_COMMITTED_NO_VALID_TERMINAL_SEAL",
  "supplied_identities": {
    "BINDING_REVIEW_V9.json": "3a5618edeca905e6ca3bceec12110744471543be1428173dc68cf044c929d72e",
    "C1_CAMERA_GUARD_BINDING_V9.json": "2c578724259404d1c2080398e16e49aeacf28ad7d74e30651656bd886b90b573",
    "adversarial_source_review": "66de8059df6a8c58167c0d11d35a395970f601a15b9431a7c6876ca8afb18613",
    "camera_guard.py": "a0653726f63b896c6c1b3185221c8dde2838833599b93010c9cd239a5427e836",
    "governance_attestation": "e439b3b0626eab3292a938c276e33030570ba809efdd00c22f841b0669270651",
    "primary_source_review": "865e6abbda3ea8961cd89c900994ba4fc408ee6337c84ec809b5c5f685052090",
    "supervise_camera_guard.py": "44ec57a8938e6d4e0cfa7322e987a07aabef6c60edfb2a7fc321208c685c17fc"
  },
  "terminal_authority": false,
  "terminal_authority_rule": "Only the supervisor stdout PASS seal after held-FD candidate single-link commit, exact evidence revalidation, successful required closes, observed process exit zero, and independent result review can supersede this default failure; every canonical candidate remains passed=false",
  "terminal_candidate_path": "/Users/rocket/Desktop/HKUST IT/ip-/geometry-world-modeling/work/S45B_c1_numeric_camera_guard_supervised_v9/execution_01/terminal_pass_candidate.json",
  "terminal_pass_seal_channel": "complete_exact_supervisor_stdout_json_plus_exit_zero",
  "worker_launch_mechanism": "FORK_ALREADY_RUNNING_INTERPRETER_THEN_SANDBOX_INIT_NO_EXEC"
}
